#
# This file is autogenerated by pip-compile with Python 3.12
# by the following command:
#
#    pip-compile --extra=test --output-file=requirements.lock pyproject.toml
#
aiohappyeyeballs==2.6.1
    # via aiohttp
aiohttp==3.13.3
    # via btc-laptop-agents (pyproject.toml)
aiosignal==1.4.0
    # via aiohttp
annotated-types==0.7.0
    # via pydantic
anyio==4.12.1
    # via httpx
attrs==25.4.0
    # via aiohttp
boolean-py==5.0
    # via license-expression
build==1.4.0
    # via btc-laptop-agents (pyproject.toml)
cachecontrol[filecache]==0.14.4
    # via
    #   cachecontrol
    #   pip-audit
cachetools==6.2.4
    # via btc-laptop-agents (pyproject.toml)
certifi==2026.1.4
    # via
    #   httpcore
    #   httpx
    #   requests
cfgv==3.5.0
    # via pre-commit
charset-normalizer==3.4.4
    # via requests
click==8.3.1
    # via typer
colorama==0.4.6
    # via
    #   build
    #   click
    #   pytest
coverage[toml]==7.13.2
    # via pytest-cov
cyclonedx-python-lib==11.6.0
    # via pip-audit
defusedxml==0.7.1
    # via py-serializable
distlib==0.4.0
    # via virtualenv
execnet==2.1.2
    # via pytest-xdist
filelock==3.20.3
    # via
    #   cachecontrol
    #   virtualenv
frozenlist==1.8.0
    # via
    #   aiohttp
    #   aiosignal
h11==0.16.0
    # via httpcore
httpcore==1.0.9
    # via httpx
httpx==0.28.1
    # via btc-laptop-agents (pyproject.toml)
identify==2.6.16
    # via pre-commit
idna==3.11
    # via
    #   anyio
    #   httpx
    #   requests
    #   yarl
iniconfig==2.3.0
    # via pytest
librt==0.7.8
    # via mypy
license-expression==30.4.4
    # via cyclonedx-python-lib
markdown-it-py==4.0.0
    # via rich
mdurl==0.1.2
    # via markdown-it-py
msgpack==1.1.2
    # via cachecontrol
multidict==6.7.0
    # via
    #   aiohttp
    #   yarl
mypy==1.19.1
    # via btc-laptop-agents (pyproject.toml)
mypy-extensions==1.1.0
    # via mypy
nodeenv==1.10.0
    # via pre-commit
packageurl-python==0.17.6
    # via cyclonedx-python-lib
packaging==26.0
    # via
    #   build
    #   pip-audit
    #   pip-requirements-parser
    #   pytest
pathspec==1.0.3
    # via mypy
pip-api==0.0.34
    # via pip-audit
pip-audit==2.10.0
    # via btc-laptop-agents (pyproject.toml)
pip-requirements-parser==32.0.1
    # via pip-audit
platformdirs==4.5.1
    # via
    #   pip-audit
    #   virtualenv
pluggy==1.6.0
    # via
    #   pytest
    #   pytest-cov
pre-commit==4.5.1
    # via btc-laptop-agents (pyproject.toml)
propcache==0.4.1
    # via
    #   aiohttp
    #   yarl
psutil==7.2.1
    # via btc-laptop-agents (pyproject.toml)
py-serializable==2.1.0
    # via cyclonedx-python-lib
pydantic==2.12.5
    # via btc-laptop-agents (pyproject.toml)
pydantic-core==2.41.5
    # via pydantic
pygments==2.19.2
    # via
    #   pytest
    #   rich
pyparsing==3.3.2
    # via pip-requirements-parser
pyproject-hooks==1.2.0
    # via build
pytest==9.0.2
    # via
    #   btc-laptop-agents (pyproject.toml)
    #   pytest-asyncio
    #   pytest-cov
    #   pytest-xdist
pytest-asyncio==1.3.0
    # via btc-laptop-agents (pyproject.toml)
pytest-cov==7.0.0
    # via btc-laptop-agents (pyproject.toml)
pytest-xdist==3.8.0
    # via btc-laptop-agents (pyproject.toml)
python-dotenv==1.2.1
    # via btc-laptop-agents (pyproject.toml)
pyyaml==6.0.3
    # via
    #   btc-laptop-agents (pyproject.toml)
    #   pre-commit
requests==2.32.5
    # via
    #   cachecontrol
    #   pip-audit
rich==14.3.1
    # via
    #   btc-laptop-agents (pyproject.toml)
    #   pip-audit
    #   typer
ruff==0.14.14
    # via btc-laptop-agents (pyproject.toml)
shellingham==1.5.4
    # via typer
sortedcontainers==2.4.0
    # via cyclonedx-python-lib
tenacity==9.1.2
    # via btc-laptop-agents (pyproject.toml)
tomli==2.4.0
    # via pip-audit
tomli-w==1.2.0
    # via pip-audit
typer==0.21.1
    # via btc-laptop-agents (pyproject.toml)
types-cachetools==6.2.0.20251022
    # via btc-laptop-agents (pyproject.toml)
types-psutil==7.2.1.20260116
    # via btc-laptop-agents (pyproject.toml)
types-pyyaml==6.0.12.20250915
    # via btc-laptop-agents (pyproject.toml)
typing-extensions==4.15.0
    # via
    #   aiosignal
    #   anyio
    #   cyclonedx-python-lib
    #   mypy
    #   pydantic
    #   pydantic-core
    #   pytest-asyncio
    #   typer
    #   typing-inspection
typing-inspection==0.4.2
    # via pydantic
urllib3==2.6.3
    # via requests
virtualenv==20.36.1
    # via pre-commit
yarl==1.22.0
    # via aiohttp

# The following packages are considered to be unsafe in a requirements file:
# pip
